
Microsoft Visual Studio Solution File, Format Version 12.00
# Visual Studio 14
VisualStudioVersion = 14.0.25420.1
MinimumVisualStudioVersion = 10.0.40219.1
Project("{FAE04EC0-301F-11D3-BF4B-00C04F79EFBC}") = "ChangerService", "ChangerService\ChangerService.csproj", "{2E70CDC1-97FF-4395-B0EF-739D2899BA12}"
EndProject
Project("{FAE04EC0-301F-11D3-BF4B-00C04F79EFBC}") = "Test", "Test\Test.csproj", "{BFE4B311-825E-4513-AF51-3E449AED1399}"
EndProject
Project("{FAE04EC0-301F-11D3-BF4B-00C04F79EFBC}") = "HelperLibrary", "HelperLibrary\HelperLibrary.csproj", "{1D88A1E6-840C-473A-9DDC-4806E0C57970}"
EndProject
Project("{FAE04EC0-301F-11D3-BF4B-00C04F79EFBC}") = "ChangerCore", "ChangerCore\ChangerCore.csproj", "{FCF1F33F-E14F-432E-8702-B6A187ABAC13}"
EndProject
Project("{FAE04EC0-301F-11D3-BF4B-00C04F79EFBC}") = "LogonEditor", "LogonEditor\LogonEditor.csproj", "{E10BB8FF-444A-4721-88B7-F5A281BB76EC}"
EndProject
Project("{FAE04EC0-301F-11D3-BF4B-00C04F79EFBC}") = "LogonChanger", "LogonChanger\LogonChanger.csproj", "{FA4EFAA2-39F3-4D50-901A-CABBF7695623}"
EndProject
Project("{930C7802-8A8C-48F9-8165-68863BCCD9DD}") = "Installer", "Installer\Installer.wixproj", "{F806267C-EB87-4ADF-93FB-53D83AA1B695}"
EndProject
Global
	GlobalSection(SolutionConfigurationPlatforms) = preSolution
		Debug|Any CPU = Debug|Any CPU
		Debug|x86 = Debug|x86
		Release|Any CPU = Release|Any CPU
		Release|x86 = Release|x86
	EndGlobalSection
	GlobalSection(ProjectConfigurationPlatforms) = postSolution
		{2E70CDC1-97FF-4395-B0EF-739D2899BA12}.Debug|Any CPU.ActiveCfg = Debug|Any CPU
		{2E70CDC1-97FF-4395-B0EF-739D2899BA12}.Debug|Any CPU.Build.0 = Debug|Any CPU
		{2E70CDC1-97FF-4395-B0EF-739D2899BA12}.Debug|x86.ActiveCfg = Debug|Any CPU
		{2E70CDC1-97FF-4395-B0EF-739D2899BA12}.Debug|x86.Build.0 = Debug|Any CPU
		{2E70CDC1-97FF-4395-B0EF-739D2899BA12}.Release|Any CPU.ActiveCfg = Release|Any CPU
		{2E70CDC1-97FF-4395-B0EF-739D2899BA12}.Release|Any CPU.Build.0 = Release|Any CPU
		{2E70CDC1-97FF-4395-B0EF-739D2899BA12}.Release|x86.ActiveCfg = Release|Any CPU
		{2E70CDC1-97FF-4395-B0EF-739D2899BA12}.Release|x86.Build.0 = Release|Any CPU
		{BFE4B311-825E-4513-AF51-3E449AED1399}.Debug|Any CPU.ActiveCfg = Debug|Any CPU
		{BFE4B311-825E-4513-AF51-3E449AED1399}.Debug|Any CPU.Build.0 = Debug|Any CPU
		{BFE4B311-825E-4513-AF51-3E449AED1399}.Debug|x86.ActiveCfg = Debug|Any CPU
		{BFE4B311-825E-4513-AF51-3E449AED1399}.Debug|x86.Build.0 = Debug|Any CPU
		{BFE4B311-825E-4513-AF51-3E449AED1399}.Release|Any CPU.ActiveCfg = Release|Any CPU
		{BFE4B311-825E-4513-AF51-3E449AED1399}.Release|Any CPU.Build.0 = Release|Any CPU
		{BFE4B311-825E-4513-AF51-3E449AED1399}.Release|x86.ActiveCfg = Release|Any CPU
		{BFE4B311-825E-4513-AF51-3E449AED1399}.Release|x86.Build.0 = Release|Any CPU
		{1D88A1E6-840C-473A-9DDC-4806E0C57970}.Debug|Any CPU.ActiveCfg = Debug|Any CPU
		{1D88A1E6-840C-473A-9DDC-4806E0C57970}.Debug|Any CPU.Build.0 = Debug|Any CPU
		{1D88A1E6-840C-473A-9DDC-4806E0C57970}.Debug|x86.ActiveCfg = Debug|Any CPU
		{1D88A1E6-840C-473A-9DDC-4806E0C57970}.Debug|x86.Build.0 = Debug|Any CPU
		{1D88A1E6-840C-473A-9DDC-4806E0C57970}.Release|Any CPU.ActiveCfg = Release|Any CPU
		{1D88A1E6-840C-473A-9DDC-4806E0C57970}.Release|Any CPU.Build.0 = Release|Any CPU
		{1D88A1E6-840C-473A-9DDC-4806E0C57970}.Release|x86.ActiveCfg = Release|Any CPU
		{1D88A1E6-840C-473A-9DDC-4806E0C57970}.Release|x86.Build.0 = Release|Any CPU
		{FCF1F33F-E14F-432E-8702-B6A187ABAC13}.Debug|Any CPU.ActiveCfg = Debug|Any CPU
		{FCF1F33F-E14F-432E-8702-B6A187ABAC13}.Debug|Any CPU.Build.0 = Debug|Any CPU
		{FCF1F33F-E14F-432E-8702-B6A187ABAC13}.Debug|x86.ActiveCfg = Debug|Any CPU
		{FCF1F33F-E14F-432E-8702-B6A187ABAC13}.Debug|x86.Build.0 = Debug|Any CPU
		{FCF1F33F-E14F-432E-8702-B6A187ABAC13}.Release|Any CPU.ActiveCfg = Release|Any CPU
		{FCF1F33F-E14F-432E-8702-B6A187ABAC13}.Release|Any CPU.Build.0 = Release|Any CPU
		{FCF1F33F-E14F-432E-8702-B6A187ABAC13}.Release|x86.ActiveCfg = Release|Any CPU
		{FCF1F33F-E14F-432E-8702-B6A187ABAC13}.Release|x86.Build.0 = Release|Any CPU
		{E10BB8FF-444A-4721-88B7-F5A281BB76EC}.Debug|Any CPU.ActiveCfg = Debug|Any CPU
		{E10BB8FF-444A-4721-88B7-F5A281BB76EC}.Debug|Any CPU.Build.0 = Debug|Any CPU
		{E10BB8FF-444A-4721-88B7-F5A281BB76EC}.Debug|x86.ActiveCfg = Debug|Any CPU
		{E10BB8FF-444A-4721-88B7-F5A281BB76EC}.Debug|x86.Build.0 = Debug|Any CPU
		{E10BB8FF-444A-4721-88B7-F5A281BB76EC}.Release|Any CPU.ActiveCfg = Release|Any CPU
		{E10BB8FF-444A-4721-88B7-F5A281BB76EC}.Release|Any CPU.Build.0 = Release|Any CPU
		{E10BB8FF-444A-4721-88B7-F5A281BB76EC}.Release|x86.ActiveCfg = Release|Any CPU
		{E10BB8FF-444A-4721-88B7-F5A281BB76EC}.Release|x86.Build.0 = Release|Any CPU
		{FA4EFAA2-39F3-4D50-901A-CABBF7695623}.Debug|Any CPU.ActiveCfg = Debug|Any CPU
		{FA4EFAA2-39F3-4D50-901A-CABBF7695623}.Debug|Any CPU.Build.0 = Debug|Any CPU
		{FA4EFAA2-39F3-4D50-901A-CABBF7695623}.Debug|x86.ActiveCfg = Debug|Any CPU
		{FA4EFAA2-39F3-4D50-901A-CABBF7695623}.Debug|x86.Build.0 = Debug|Any CPU
		{FA4EFAA2-39F3-4D50-901A-CABBF7695623}.Release|Any CPU.ActiveCfg = Release|Any CPU
		{FA4EFAA2-39F3-4D50-901A-CABBF7695623}.Release|Any CPU.Build.0 = Release|Any CPU
		{FA4EFAA2-39F3-4D50-901A-CABBF7695623}.Release|x86.ActiveCfg = Release|Any CPU
		{FA4EFAA2-39F3-4D50-901A-CABBF7695623}.Release|x86.Build.0 = Release|Any CPU
		{F806267C-EB87-4ADF-93FB-53D83AA1B695}.Debug|Any CPU.ActiveCfg = Debug|x86
		{F806267C-EB87-4ADF-93FB-53D83AA1B695}.Debug|x86.ActiveCfg = Debug|x86
		{F806267C-EB87-4ADF-93FB-53D83AA1B695}.Debug|x86.Build.0 = Debug|x86
		{F806267C-EB87-4ADF-93FB-53D83AA1B695}.Release|Any CPU.ActiveCfg = Release|x86
		{F806267C-EB87-4ADF-93FB-53D83AA1B695}.Release|x86.ActiveCfg = Release|x86
		{F806267C-EB87-4ADF-93FB-53D83AA1B695}.Release|x86.Build.0 = Release|x86
	EndGlobalSection
	GlobalSection(SolutionProperties) = preSolution
		HideSolutionNode = FALSE
	EndGlobalSection
EndGlobal
